
Microsoft Visual Studio Solution File, Format Version 12.00
# Visual Studio Version 17
VisualStudioVersion = 17.9.34728.123
MinimumVisualStudioVersion = 10.0.40219.1
Project("{FAE04EC0-301F-11D3-BF4B-00C04F79EFBC}") = "DamkaGUI", "DamkaGUI\DamkaGUI.csproj", "{94D4976F-A7D9-4A82-AAE5-991D5D12AF90}"
EndProject
Project("{FAE04EC0-301F-11D3-BF4B-00C04F79EFBC}") = "BackEnd", "GameLogic\BackEnd.csproj", "{47B2ECFC-7311-4B0F-A2A3-4B194E484B91}"
EndProject
Global
	GlobalSection(SolutionConfigurationPlatforms) = preSolution
		Debug|Any CPU = Debug|Any CPU
		Release|Any CPU = Release|Any CPU
	EndGlobalSection
	GlobalSection(ProjectConfigurationPlatforms) = postSolution
		{94D4976F-A7D9-4A82-AAE5-991D5D12AF90}.Debug|Any CPU.ActiveCfg = Debug|Any CPU
		{94D4976F-A7D9-4A82-AAE5-991D5D12AF90}.Debug|Any CPU.Build.0 = Debug|Any CPU
		{94D4976F-A7D9-4A82-AAE5-991D5D12AF90}.Release|Any CPU.ActiveCfg = Release|Any CPU
		{94D4976F-A7D9-4A82-AAE5-991D5D12AF90}.Release|Any CPU.Build.0 = Release|Any CPU
		{47B2ECFC-7311-4B0F-A2A3-4B194E484B91}.Debug|Any CPU.ActiveCfg = Debug|Any CPU
		{47B2ECFC-7311-4B0F-A2A3-4B194E484B91}.Debug|Any CPU.Build.0 = Debug|Any CPU
		{47B2ECFC-7311-4B0F-A2A3-4B194E484B91}.Release|Any CPU.ActiveCfg = Release|Any CPU
		{47B2ECFC-7311-4B0F-A2A3-4B194E484B91}.Release|Any CPU.Build.0 = Release|Any CPU
	EndGlobalSection
	GlobalSection(SolutionProperties) = preSolution
		HideSolutionNode = FALSE
	EndGlobalSection
	GlobalSection(ExtensibilityGlobals) = postSolution
		SolutionGuid = {5B704EE0-EE1B-4225-88D9-CD084AD9B86C}
	EndGlobalSection
EndGlobal
